<?xml version="1.0" encoding="UTF-8"?>
<CodeBlocks_project_file>
	<FileVersion major="1" minor="6"/>
	<Project>
		<Option title="Infrastructure_Core"/>
		<Option makefile_is_custom="1"/>
		<Option compiler="gcc"/>
		<Option virtualFolders="CMake Files\;"/>
		<Build>
			<Target title="all">
				<Option working_dir="/home/s3v3rian/audio_core/Infrastructure_Core/Debug"/>
				<Option type="4"/>
				<MakeCommands>
					<Build command="/usr/bin/make -j4 -f &quot;/home/s3v3rian/audio_core/Infrastructure_Core/Debug/Makefile&quot;  VERBOSE=1 all"/>
					<CompileFile command="/usr/bin/make -j4 -f &quot;/home/s3v3rian/audio_core/Infrastructure_Core/Debug/Makefile&quot;  VERBOSE=1 &quot;$file&quot;"/>
					<Clean command="/usr/bin/make -j4 -f &quot;/home/s3v3rian/audio_core/Infrastructure_Core/Debug/Makefile&quot;  VERBOSE=1 clean"/>
					<DistClean command="/usr/bin/make -j4 -f &quot;/home/s3v3rian/audio_core/Infrastructure_Core/Debug/Makefile&quot;  VERBOSE=1 clean"/>
				</MakeCommands>
			</Target>
			<Target title="rebuild_cache">
				<Option working_dir="/home/s3v3rian/audio_core/Infrastructure_Core/Debug"/>
				<Option type="4"/>
				<MakeCommands>
					<Build command="/usr/bin/make -j4 -f &quot;/home/s3v3rian/audio_core/Infrastructure_Core/Debug/Makefile&quot;  VERBOSE=1 rebuild_cache"/>
					<CompileFile command="/usr/bin/make -j4 -f &quot;/home/s3v3rian/audio_core/Infrastructure_Core/Debug/Makefile&quot;  VERBOSE=1 &quot;$file&quot;"/>
					<Clean command="/usr/bin/make -j4 -f &quot;/home/s3v3rian/audio_core/Infrastructure_Core/Debug/Makefile&quot;  VERBOSE=1 clean"/>
					<DistClean command="/usr/bin/make -j4 -f &quot;/home/s3v3rian/audio_core/Infrastructure_Core/Debug/Makefile&quot;  VERBOSE=1 clean"/>
				</MakeCommands>
			</Target>
			<Target title="Infrastructure_Core">
				<Option output="/home/s3v3rian/audio_core/Infrastructure_Core/Debug/libInfrastructure_Core.a" prefix_auto="0" extension_auto="0"/>
				<Option working_dir="/home/s3v3rian/audio_core/Infrastructure_Core/Debug"/>
				<Option object_output="./"/>
				<Option type="2"/>
				<Option compiler="gcc"/>
				<Compiler>
					<Add option="-DINFRASTRUCTURE_CORE_LIBRARY"/>
					<Add option="-D__LINUX_SYSTEM__"/>
					<Add directory="/home/s3v3rian/audio_core/Infrastructure_Core/Debug"/>
					<Add directory="/home/s3v3rian/audio_core/Infrastructure_Core"/>
					<Add directory="/usr/include/c++/7"/>
					<Add directory="/usr/include/x86_64-linux-gnu/c++/7"/>
					<Add directory="/usr/include/c++/7/backward"/>
					<Add directory="/usr/lib/gcc/x86_64-linux-gnu/7/include"/>
					<Add directory="/usr/local/include"/>
					<Add directory="/usr/lib/gcc/x86_64-linux-gnu/7/include-fixed"/>
					<Add directory="/usr/include/x86_64-linux-gnu"/>
					<Add directory="/usr/include"/>
				</Compiler>
				<MakeCommands>
					<Build command="/usr/bin/make -j4 -f &quot;/home/s3v3rian/audio_core/Infrastructure_Core/Debug/Makefile&quot;  VERBOSE=1 Infrastructure_Core"/>
					<CompileFile command="/usr/bin/make -j4 -f &quot;/home/s3v3rian/audio_core/Infrastructure_Core/Debug/Makefile&quot;  VERBOSE=1 &quot;$file&quot;"/>
					<Clean command="/usr/bin/make -j4 -f &quot;/home/s3v3rian/audio_core/Infrastructure_Core/Debug/Makefile&quot;  VERBOSE=1 clean"/>
					<DistClean command="/usr/bin/make -j4 -f &quot;/home/s3v3rian/audio_core/Infrastructure_Core/Debug/Makefile&quot;  VERBOSE=1 clean"/>
				</MakeCommands>
			</Target>
			<Target title="Infrastructure_Core/fast">
				<Option output="/home/s3v3rian/audio_core/Infrastructure_Core/Debug/libInfrastructure_Core.a" prefix_auto="0" extension_auto="0"/>
				<Option working_dir="/home/s3v3rian/audio_core/Infrastructure_Core/Debug"/>
				<Option object_output="./"/>
				<Option type="2"/>
				<Option compiler="gcc"/>
				<Compiler>
					<Add option="-DINFRASTRUCTURE_CORE_LIBRARY"/>
					<Add option="-D__LINUX_SYSTEM__"/>
					<Add directory="/home/s3v3rian/audio_core/Infrastructure_Core/Debug"/>
					<Add directory="/home/s3v3rian/audio_core/Infrastructure_Core"/>
					<Add directory="/usr/include/c++/7"/>
					<Add directory="/usr/include/x86_64-linux-gnu/c++/7"/>
					<Add directory="/usr/include/c++/7/backward"/>
					<Add directory="/usr/lib/gcc/x86_64-linux-gnu/7/include"/>
					<Add directory="/usr/local/include"/>
					<Add directory="/usr/lib/gcc/x86_64-linux-gnu/7/include-fixed"/>
					<Add directory="/usr/include/x86_64-linux-gnu"/>
					<Add directory="/usr/include"/>
				</Compiler>
				<MakeCommands>
					<Build command="/usr/bin/make -j4 -f &quot;/home/s3v3rian/audio_core/Infrastructure_Core/Debug/Makefile&quot;  VERBOSE=1 Infrastructure_Core/fast"/>
					<CompileFile command="/usr/bin/make -j4 -f &quot;/home/s3v3rian/audio_core/Infrastructure_Core/Debug/Makefile&quot;  VERBOSE=1 &quot;$file&quot;"/>
					<Clean command="/usr/bin/make -j4 -f &quot;/home/s3v3rian/audio_core/Infrastructure_Core/Debug/Makefile&quot;  VERBOSE=1 clean"/>
					<DistClean command="/usr/bin/make -j4 -f &quot;/home/s3v3rian/audio_core/Infrastructure_Core/Debug/Makefile&quot;  VERBOSE=1 clean"/>
				</MakeCommands>
			</Target>
			<Target title="edit_cache">
				<Option working_dir="/home/s3v3rian/audio_core/Infrastructure_Core/Debug"/>
				<Option type="4"/>
				<MakeCommands>
					<Build command="/usr/bin/make -j4 -f &quot;/home/s3v3rian/audio_core/Infrastructure_Core/Debug/Makefile&quot;  VERBOSE=1 edit_cache"/>
					<CompileFile command="/usr/bin/make -j4 -f &quot;/home/s3v3rian/audio_core/Infrastructure_Core/Debug/Makefile&quot;  VERBOSE=1 &quot;$file&quot;"/>
					<Clean command="/usr/bin/make -j4 -f &quot;/home/s3v3rian/audio_core/Infrastructure_Core/Debug/Makefile&quot;  VERBOSE=1 clean"/>
					<DistClean command="/usr/bin/make -j4 -f &quot;/home/s3v3rian/audio_core/Infrastructure_Core/Debug/Makefile&quot;  VERBOSE=1 clean"/>
				</MakeCommands>
			</Target>
		</Build>
		<Unit filename="/home/s3v3rian/audio_core/Infrastructure_Core/Components/IApplication.cpp">
			<Option target="Infrastructure_Core"/>
		</Unit>
		<Unit filename="/home/s3v3rian/audio_core/Infrastructure_Core/Components/IApplication.h">
			<Option target="Infrastructure_Core"/>
		</Unit>
		<Unit filename="/home/s3v3rian/audio_core/Infrastructure_Core/Components/IBoundary.cpp">
			<Option target="Infrastructure_Core"/>
		</Unit>
		<Unit filename="/home/s3v3rian/audio_core/Infrastructure_Core/Components/IBoundary.h">
			<Option target="Infrastructure_Core"/>
		</Unit>
		<Unit filename="/home/s3v3rian/audio_core/Infrastructure_Core/Components/IComponent.cpp">
			<Option target="Infrastructure_Core"/>
		</Unit>
		<Unit filename="/home/s3v3rian/audio_core/Infrastructure_Core/Components/IComponent.h">
			<Option target="Infrastructure_Core"/>
		</Unit>
		<Unit filename="/home/s3v3rian/audio_core/Infrastructure_Core/Components/IConnector.cpp">
			<Option target="Infrastructure_Core"/>
		</Unit>
		<Unit filename="/home/s3v3rian/audio_core/Infrastructure_Core/Components/IConnector.h">
			<Option target="Infrastructure_Core"/>
		</Unit>
		<Unit filename="/home/s3v3rian/audio_core/Infrastructure_Core/Components/IConnectorListener.cpp">
			<Option target="Infrastructure_Core"/>
		</Unit>
		<Unit filename="/home/s3v3rian/audio_core/Infrastructure_Core/Components/IConnectorListener.h">
			<Option target="Infrastructure_Core"/>
		</Unit>
		<Unit filename="/home/s3v3rian/audio_core/Infrastructure_Core/Components/IDevice.cpp">
			<Option target="Infrastructure_Core"/>
		</Unit>
		<Unit filename="/home/s3v3rian/audio_core/Infrastructure_Core/Components/IDevice.h">
			<Option target="Infrastructure_Core"/>
		</Unit>
		<Unit filename="/home/s3v3rian/audio_core/Infrastructure_Core/Components/IFactory.cpp">
			<Option target="Infrastructure_Core"/>
		</Unit>
		<Unit filename="/home/s3v3rian/audio_core/Infrastructure_Core/Components/IFactory.h">
			<Option target="Infrastructure_Core"/>
		</Unit>
		<Unit filename="/home/s3v3rian/audio_core/Infrastructure_Core/Components/ILifeCycle.cpp">
			<Option target="Infrastructure_Core"/>
		</Unit>
		<Unit filename="/home/s3v3rian/audio_core/Infrastructure_Core/Components/ILifeCycle.h">
			<Option target="Infrastructure_Core"/>
		</Unit>
		<Unit filename="/home/s3v3rian/audio_core/Infrastructure_Core/Components/IListener.cpp">
			<Option target="Infrastructure_Core"/>
		</Unit>
		<Unit filename="/home/s3v3rian/audio_core/Infrastructure_Core/Components/IListener.h">
			<Option target="Infrastructure_Core"/>
		</Unit>
		<Unit filename="/home/s3v3rian/audio_core/Infrastructure_Core/Components/IService.cpp">
			<Option target="Infrastructure_Core"/>
		</Unit>
		<Unit filename="/home/s3v3rian/audio_core/Infrastructure_Core/Components/IService.h">
			<Option target="Infrastructure_Core"/>
		</Unit>
		<Unit filename="/home/s3v3rian/audio_core/Infrastructure_Core/Disruptor/CDisruptor.cpp">
			<Option target="Infrastructure_Core"/>
		</Unit>
		<Unit filename="/home/s3v3rian/audio_core/Infrastructure_Core/Disruptor/CDisruptor.h">
			<Option target="Infrastructure_Core"/>
		</Unit>
		<Unit filename="/home/s3v3rian/audio_core/Infrastructure_Core/Logger/CLogger.cpp">
			<Option target="Infrastructure_Core"/>
		</Unit>
		<Unit filename="/home/s3v3rian/audio_core/Infrastructure_Core/Logger/CLogger.h">
			<Option target="Infrastructure_Core"/>
		</Unit>
		<Unit filename="/home/s3v3rian/audio_core/Infrastructure_Core/Queue/CMPSCQueue.cpp">
			<Option target="Infrastructure_Core"/>
		</Unit>
		<Unit filename="/home/s3v3rian/audio_core/Infrastructure_Core/Queue/CMPSCQueue.h">
			<Option target="Infrastructure_Core"/>
		</Unit>
		<Unit filename="/home/s3v3rian/audio_core/Infrastructure_Core/Queue/CSPSCQueue.cpp">
			<Option target="Infrastructure_Core"/>
		</Unit>
		<Unit filename="/home/s3v3rian/audio_core/Infrastructure_Core/Queue/CSPSCQueue.h">
			<Option target="Infrastructure_Core"/>
		</Unit>
		<Unit filename="/home/s3v3rian/audio_core/Infrastructure_Core/Queue/IQueue.h">
			<Option target="Infrastructure_Core"/>
		</Unit>
		<Unit filename="/home/s3v3rian/audio_core/Infrastructure_Core/Task/IScheduledTask.cpp">
			<Option target="Infrastructure_Core"/>
		</Unit>
		<Unit filename="/home/s3v3rian/audio_core/Infrastructure_Core/Task/IScheduledTask.h">
			<Option target="Infrastructure_Core"/>
		</Unit>
		<Unit filename="/home/s3v3rian/audio_core/Infrastructure_Core/Task/ITask.cpp">
			<Option target="Infrastructure_Core"/>
		</Unit>
		<Unit filename="/home/s3v3rian/audio_core/Infrastructure_Core/Task/ITask.h">
			<Option target="Infrastructure_Core"/>
		</Unit>
		<Unit filename="/home/s3v3rian/audio_core/Infrastructure_Core/CMakeLists.txt">
			<Option virtualFolder="CMake Files\"/>
		</Unit>
	</Project>
</CodeBlocks_project_file>
